# GENERATED FILE - do not edit by hand.
#
# Every package installed for apps/api, transitive dependencies
# included, at the version and artefact hash a clean resolve of
# requirements.txt produced. The Dockerfile installs this with
# --require-hashes, so pip refuses anything whose bytes differ from
# what was resolved here.
#
# Regenerate with scripts/lock-python-deps.sh, then rebuild and run the
# suite. To change a version, change requirements.txt and regenerate -
# editing this file directly makes the two disagree, and the Dockerfile
# installs this one.
#
# Resolved on python:3.12-slim, linux/amd64. One hash per package, for
# the artefact that platform resolves to: a build elsewhere fails
# loudly rather than quietly installing something else.

alembic==1.20.0 \
    --hash=sha256:77eb101048d95f982c0353e9233404889dcd7a6fc244c107836c0e2fc9cf7d9d
annotated-doc==0.0.5 \
    --hash=sha256:117bac03a25ede5df5440e855b32d556049ca169ead221505badf432fed4b101
annotated-types==0.8.0 \
    --hash=sha256:f072f4d804ea359e4eaf198b1af7a8b0943881a87f31bb764f8bf219bb9419e0
anyio==4.15.1 \
    --hash=sha256:6152fdbbf9a77fdec97731721bebf7c4c44f7c29b424b0065826173efc7ed101
argon2-cffi==25.1.0 \
    --hash=sha256:fdc8b074db390fccb6eb4a3604ae7231f219aa669a2652e0f20e16ba513d5741
argon2-cffi-bindings==26.1.0 \
    --hash=sha256:27f1821903e2ceadcb88ec2b45ef190897b7682449c772f4d9b53e42c520cf29
asyncpg==0.31.0 \
    --hash=sha256:aad7a33913fb8bcb5454313377cc330fbb19a0cd5faa7272407d8a0c4257b671
beautifulsoup4==4.15.0 \
    --hash=sha256:d6f88de62e1d4e38ecb1077eb9724cd0eff29d2a08ca16a401e9b9e93f117cf9
boto3==1.43.93 \
    --hash=sha256:3c948fe231490d446bf90bf3322d1452632107329d3683b37d88b7399bf481a0
botocore==1.43.93 \
    --hash=sha256:3ca57bb5d26d88b554a74de708a5c991f45306436c91aacca931252d1d4d54ff
certifi==2026.7.22 \
    --hash=sha256:62f22742b58a1a33014a2b6b706588a8d7e2a88ae7bd1a6ebe8c992928483775
cffi==2.1.1 \
    --hash=sha256:c1453022f490d2459a11819d83ad1d586e9ff65a12ac3e705ffebd46d3685dcf
charset-normalizer==3.5.1 \
    --hash=sha256:b9af956078716df40d985fb0dfeb2c2120c5ca92ba4ff4b388acfd01cdc14d08
click==8.5.0 \
    --hash=sha256:255bc9599cf7748b4b1a446ccc735421bd08a2ae529a8b88597d3de5664ee360
distro==1.9.0 \
    --hash=sha256:7bffd925d65168f85027d8da9af6bddab658135b840670a223589bc0c8ef02b2
dnspython==2.8.0 \
    --hash=sha256:01d9bbc4a2d76bf0db7c1f729812ded6d912bd318d3b1cf81d30c0f845dbf3af
email-validator==2.3.0 \
    --hash=sha256:80f13f623413e6b197ae73bb10bf4eb0908faf509ad8362c5edeb0be7fd450b4
fastapi==0.141.1 \
    --hash=sha256:bfb91aa2d334c61cb35ba9a116fc123b3d3df31640b801cf57a7a78ec3f603b3
filelock==3.32.6 \
    --hash=sha256:3f16ecd0117feae0dfc147e8c62eb5daeccd8bd800378c3ddf416de9b4feb6b1
fsspec==2026.7.0 \
    --hash=sha256:b57ddbafedfaef7018c1ecab32aa200a9d7ca26b77965f64e48b70061249d279
greenlet==3.5.5 \
    --hash=sha256:147b25a42e5ca5be3d42356e8f608b37af715a1c196e9bf9d1627f3341adfe1d
h11==0.16.0 \
    --hash=sha256:63cf8bbe7522de3bf65932fda1d9c2772064ffb3dae62d55932da54b31cb6c86
hf-xet==1.6.0 \
    --hash=sha256:d62671bb130879cef0ee4c9ebe47a14af6c66ec53e6d84dc15936e5ffdfac82f
hiredis==3.4.1 \
    --hash=sha256:7a2cd31cba425ae954abeafa5dd74552e5ffa61661d3c8098cc66787330c1779
httpcore==1.0.9 \
    --hash=sha256:2d400746a40668fc9dec9810239072b40b4484b640a8c38fd654a024c7a1bf55
httpcore2==2.12.0 \
    --hash=sha256:7e04258ce01013d7d615e5b910a3b27fac937d7a95038227e79652b4ba3b4ceb
httptools==0.8.0 \
    --hash=sha256:b15fc622b0f869d19207c4089a501d9bcc63ca5e071ffdd2f03f922df882dcb2
httpx==0.28.1 \
    --hash=sha256:d909fcccc110f8c7faf814ca82a9a4d816bc5a6dbfea25d6591d6985b8ba59ad
httpx2==2.12.0 \
    --hash=sha256:cc8b6eecb8661c146b8f89a60e97456ee086e91a784ed31ac450c3a9e613dd36
huggingface_hub==1.31.0 \
    --hash=sha256:9dbb6a503cbe2494ea666695207e7262d410659e09134059deb83e5480864667
idna==3.19 \
    --hash=sha256:815e7be7a7806d54abb586dc943addc79e8b2ee16915059658cbeff4b1b43bf4
iniconfig==2.3.0 \
    --hash=sha256:f631c04d2c48c52b84d0d0549c99ff3859c98df65b3101406327ecc7d53fbf12
jmespath==1.1.0 \
    --hash=sha256:a5663118de4908c91729bea0acadca56526eb2698e83de10cd116ae0f4e97c64
jsonpatch==1.33 \
    --hash=sha256:0ae28c0cd062bbd8b8ecc26d7d164fbbea9652a1a3693f3b956c1eae5145dade
jsonpointer==3.1.1 \
    --hash=sha256:8ff8b95779d071ba472cf5bc913028df06031797532f08a7d5b602d8b2a488ca
langchain-core==1.6.3 \
    --hash=sha256:114fe1868c9ed60606662b9dd0074bf3152cc6b0b1522ba37cbd6b04f55ca77d
langchain-protocol==0.0.19 \
    --hash=sha256:4cdf879a492a35980fd859ae792d3c65458ccaae504e183c9a10d7eac1f0720f
langchain-text-splitters==1.1.2 \
    --hash=sha256:a2de0d799ff31886429fd6e2e0032df275b60ec817c19059a7b46181cc1c2f10
langsmith==0.12.4 \
    --hash=sha256:b2edaa49baeec0c7347a84ca0f755039dcff9e9e52f0b9dc26423ec2a98a4dab
lxml==6.1.3 \
    --hash=sha256:909f4e927bb051f7740d6367285fc60cdcfdaf0258c2dba4ff5ba7eadadc250c
Mako==1.4.1 \
    --hash=sha256:a359d9a94a541213958742b2698d0a7757bb83551767bc468a74b9905aba9617
markdown-it-py==4.2.0 \
    --hash=sha256:9f7ebbcd14fe59494226453aed97c1070d83f8d24b6fc3a3bcf9a38092641c4a
MarkupSafe==3.0.3 \
    --hash=sha256:d6dd0be5b5b189d31db7cda48b91d7e0a9795f31430b7f271219ab30f1d3ac9d
mdurl==0.1.2 \
    --hash=sha256:84008a41e51615a49fc9966191ff91509e3c40b939176e643fd50a5c2196b8f8
numpy==2.5.3 \
    --hash=sha256:b7e18c623bb5c95acb3b3328861272816ba199fb531921c5d6d0b675f1fde9e3
orjson==3.12.0 \
    --hash=sha256:1192a7021b6d071aaf909864f6e924d6a2675ca360485b972b8401749311750b
packaging==26.3 \
    --hash=sha256:d7193f7c8e4e93f444fde0262bf90af30e16fa0ad0ad44cb553c87339b23cd1c
pgvector==0.5.0 \
    --hash=sha256:fedc9800894e6da2be51358d7b7c574bf34f247ca741a5a09513622135f5964f
pluggy==1.6.0 \
    --hash=sha256:e920276dd6813095e9377c0bc5566d94c932c33b27a3e3945d8389c374dd4746
psycopg==3.3.5 \
    --hash=sha256:ce5aa5cdb4f9379f00f487590e5890bfa7df9a164648c969ffa628505e21af4e
psycopg-binary==3.3.5 \
    --hash=sha256:682a17a57415c3ca1731eec018ed031f012ffcb81ba74806eb219cb396065672
pwdlib==0.3.1 \
    --hash=sha256:944fa439198bed8ac3ea63dac76ea4ae43e2a35f4f21e9e725e82d3c2b97d6a5
pycparser==3.0 \
    --hash=sha256:b727414169a36b7d524c1c3e31839a521725078d7b2ff038656844266160a992
pydantic==2.13.5 \
    --hash=sha256:346a034f080da3755d8e9cb5e00e8b07de1d39e4f6e2c87d8ab7cafa0b269a73
pydantic-settings==2.15.0 \
    --hash=sha256:0ba092c291c94baceb5eff768aa0d56400a457585bc0175925a5a5510303da42
pydantic_core==2.46.5 \
    --hash=sha256:0fc5be0abd4a407e200d844b404e33639a554e7bd0d448e7b9ae181be4789ac2
Pygments==2.21.0 \
    --hash=sha256:2363c69b61c4a97c838da3b130dcd6468f4848992b21a82f2a63ec34377137d9
PyJWT==2.14.0 \
    --hash=sha256:ad0cef71c756a56e74863c2919cf0985f72decbcfcb550ee2f422e7c62b5eedc
pypdf==6.18.1 \
    --hash=sha256:ee93a2665670ecf57ee81d197a4ca548f3dc15f9cefc56e59b8140866aaa3de5
pytest==9.1.1 \
    --hash=sha256:37a86b45efb9a47a61a36449063e8e18d0cab3161329fc099eb21783169c4f0c
pytest-asyncio==1.4.0 \
    --hash=sha256:933ca923a23075a87fb7070c0ec272a6848489824d887c85c812670932835aa1
python-dateutil==2.9.0.post0 \
    --hash=sha256:a8b2bc7bffae282281c8140a97d3aa9c14da0b136dfe83f850eea9a5f7470427
python-docx==1.2.0 \
    --hash=sha256:3fd478f3250fbbbfd3b94fe1e985955737c145627498896a8a6bf81f4baf66c7
python-dotenv==1.2.3 \
    --hash=sha256:904552145e8bfed22162c09dab1c2b9b54fefa7b23ba780f4f26ca0316b0f0d9
python-multipart==0.0.32 \
    --hash=sha256:ff6d3f776f16878c894e52e107296ffc890e913c611b1a4ec6c44e2821fe2e23
PyYAML==6.0.3 \
    --hash=sha256:ba1cc08a7ccde2d2ec775841541641e4548226580ab850948cbfda66a1befcdc
redis==8.1.0 \
    --hash=sha256:a4fe1aac3d3b3cc791d4b3d5931c5a956045dc951ee74d1c913ee3ac4d2ee9fb
regex==2026.9.10 \
    --hash=sha256:2e67f8843f0e4b931f1fa860bf3bbe4134b714c0155cc5c7c0d7ea450230aae0
requests==2.34.2 \
    --hash=sha256:2a0d60c172f83ac6ab31e4554906c0f3b3588d37b5cb939b1c061f4907e278e0
requests-toolbelt==1.0.0 \
    --hash=sha256:cccfdd665f0a24fcf4726e690f65639d272bb0637b9b92dfd91a5568ccf6bd06
rich==15.0.0 \
    --hash=sha256:33bd4ef74232fb73fe9279a257718407f169c09b78a87ad3d296f548e27de0bb
ruff==0.16.7 \
    --hash=sha256:9ce7f8f22df67c93ed96c717f9128eadb797144ac2bad475cf536f31d6100c55
s3transfer==0.19.2 \
    --hash=sha256:d8168eccca828cbb2cd573675333f3bddd254313a9c42494b84c76b539e8ba25
safetensors==0.8.0 \
    --hash=sha256:fd6f3f93c9a0a7cc2788ee63fb763353d4bd2e89b0751bc78fcf7dda00bea774
shellingham==1.5.4 \
    --hash=sha256:7ecfff8f2fd72616f7481040475a65b2bf8af90a56c89140852d1120324e8686
six==1.17.0 \
    --hash=sha256:4721f391ed90541fddacab5acf947aa0d3dc7d27b2e1e8eda2be8970586c3274
sniffio==1.3.1 \
    --hash=sha256:2f6da418d1f1e0fddd844478f41680e794e6051915791a034ff65e5f100525a2
soupsieve==2.9.2 \
    --hash=sha256:8089a26fd974ca7a1f30276d3d8492ab266ab15af581642dfe8aa162e0c1c823
SQLAlchemy==2.0.52 \
    --hash=sha256:8738008376d22f30f411ea3efecf39b51110b6996d80bb73786f30bcfdd5fd3b
starlette==1.6.0 \
    --hash=sha256:a86dd39d14bb45f85a3d18525215a9ef0cfd1f192ac793220e72598c90335f0c
tenacity==9.1.4 \
    --hash=sha256:6095a360c919085f28c6527de529e76a06ad89b23659fa881ae0649b867a9d55
tokenizers==0.23.2 \
    --hash=sha256:41c2f84d172449b4dadb9cdc508e3e364076613c35b16e76ecfe47a60d1e3305
tqdm==4.70.1 \
    --hash=sha256:c293e525e6fef9c20e8728fd4612df02a0aa31bb5fe91ecd93e123b1b7bffa73
transformers==5.17.0 \
    --hash=sha256:78ec1ce21579b38dfb83950a0658cd119f87212a2fcfdff478096ce9d6c03801
truststore==0.10.4 \
    --hash=sha256:adaeaecf1cbb5f4de3b1959b42d41f6fab57b2b1666adb59e89cb0b53361d981
typer==0.27.2 \
    --hash=sha256:b3a5fc4342d5fc8fda8fc3010b1cf117e9249aab7fae800c2eff62fd3842d97d
typing-inspection==0.4.4 \
    --hash=sha256:65b8397ba37ccbce054456aaccddfc91e6e3083c92824df348d96ca832f3f147
typing_extensions==4.16.0 \
    --hash=sha256:481caa481374e813c1b176ada14e97f1f67a4539ce9cfeb3f350d78d6370c2e8
urllib3==2.7.0 \
    --hash=sha256:9fb4c81ebbb1ce9531cce37674bbc6f1360472bc18ca9a553ede278ef7276897
uuid_utils==0.17.1 \
    --hash=sha256:d45f93f362d39f63ba14bbd9e4e1dd89fbed4de9bbef6bb428a379bd86571da2
uvicorn==0.52.4 \
    --hash=sha256:f86e41a149d7d05a9969337e3946a9c171c06a5d42680896daaba624aeac8da1
uvloop==0.22.1 \
    --hash=sha256:7b5b1ac819a3f946d3b2ee07f09149578ae76066d70b44df3fa990add49a82e4
watchfiles==1.2.0 \
    --hash=sha256:e53a384f76b631c3ae5334ce6a52f0baa3a911eb94a4eac7f160079868b716d5
websockets==17.1 \
    --hash=sha256:0c863507ada5805517ca6dff1c524dcd42942efe6304dacf06700878398d21a6
xxhash==4.0.1 \
    --hash=sha256:237b8f63a2a0fcfb1ffc06e21dad23add44e6d354b2b014364a1d41e419a4dee
zstandard==0.25.0 \
    --hash=sha256:5a56ba0db2d244117ed744dfa8f6f5b366e14148e00de44723413b2f3938a902
